
Microsoft Visual Studio Solution File, Format Version 12.00
# Visual Studio Version 17
VisualStudioVersion = 17.8.34525.116
MinimumVisualStudioVersion = 10.0.40219.1
Project("{FAE04EC0-301F-11D3-BF4B-00C04F79EFBC}") = "Setup", "Setup.csproj", "{782041C9-ED4F-4192-92C2-2ED092080896}"
EndProject
Global
	GlobalSection(SolutionConfigurationPlatforms) = preSolution
		Debug|Any CPU = Debug|Any CPU
		Release|Any CPU = Release|Any CPU
	EndGlobalSection
	GlobalSection(ProjectConfigurationPlatforms) = postSolution
		{782041C9-ED4F-4192-92C2-2ED092080896}.Debug|Any CPU.ActiveCfg = Debug|Any CPU
		{782041C9-ED4F-4192-92C2-2ED092080896}.Debug|Any CPU.Build.0 = Debug|Any CPU
		{782041C9-ED4F-4192-92C2-2ED092080896}.Release|Any CPU.ActiveCfg = Release|Any CPU
		{782041C9-ED4F-4192-92C2-2ED092080896}.Release|Any CPU.Build.0 = Release|Any CPU
	EndGlobalSection
	GlobalSection(SolutionProperties) = preSolution
		HideSolutionNode = FALSE
	EndGlobalSection
	GlobalSection(ExtensibilityGlobals) = postSolution
		SolutionGuid = {91894178-9625-45F2-9A80-C2B8AB437A7F}
	EndGlobalSection
EndGlobal
